
Microsoft Visual Studio Solution File, Format Version 12.00
# Visual Studio Version 16
VisualStudioVersion = 16.0.29503.13
MinimumVisualStudioVersion = 10.0.40219.1
Project("{9A19103F-16F7-4668-BE54-9A1E7A4F7556}") = "Geko.HttpClientService", "src\Geko.HttpClientService\Geko.HttpClientService.csproj", "{05D7258E-58E4-4847-B62D-D36F9F61C8DA}"
EndProject
Global
	GlobalSection(SolutionConfigurationPlatforms) = preSolution
		Debug|Any CPU = Debug|Any CPU
		Release|Any CPU = Release|Any CPU
	EndGlobalSection
	GlobalSection(ProjectConfigurationPlatforms) = postSolution
		{05D7258E-58E4-4847-B62D-D36F9F61C8DA}.Debug|Any CPU.ActiveCfg = Debug|Any CPU
		{05D7258E-58E4-4847-B62D-D36F9F61C8DA}.Debug|Any CPU.Build.0 = Debug|Any CPU
		{05D7258E-58E4-4847-B62D-D36F9F61C8DA}.Release|Any CPU.ActiveCfg = Release|Any CPU
		{05D7258E-58E4-4847-B62D-D36F9F61C8DA}.Release|Any CPU.Build.0 = Release|Any CPU
	EndGlobalSection
	GlobalSection(SolutionProperties) = preSolution
		HideSolutionNode = FALSE
	EndGlobalSection
	GlobalSection(ExtensibilityGlobals) = postSolution
		SolutionGuid = {A72AFBF9-221C-4485-AEDB-EEF1915E8916}
	EndGlobalSection
EndGlobal
